
Microsoft Visual Studio Solution File, Format Version 12.00
# Visual Studio Version 16
VisualStudioVersion = 16.0.29009.5
MinimumVisualStudioVersion = 10.0.40219.1
Project("{FAE04EC0-301F-11D3-BF4B-00C04F79EFBC}") = "QuickBuy.Dominio", "QuickBuy.Dominio\QuickBuy.Dominio.csproj", "{218E92E8-EEE6-4797-A2F2-21E9CDBC34D7}"
EndProject
Project("{FAE04EC0-301F-11D3-BF4B-00C04F79EFBC}") = "QuickBuy.Repositorio", "QuickBuy.Repositorio\QuickBuy.Repositorio.csproj", "{C303AA87-479A-4059-8EDA-74140FBF6E8D}"
EndProject
Project("{FAE04EC0-301F-11D3-BF4B-00C04F79EFBC}") = "QuickBuy.Web", "QuickBuy.Web\QuickBuy.Web.csproj", "{4CA7FBA1-005F-4EAE-9EEC-ECF18EDDE2DC}"
EndProject
Global
	GlobalSection(SolutionConfigurationPlatforms) = preSolution
		Debug|Any CPU = Debug|Any CPU
		Release|Any CPU = Release|Any CPU
	EndGlobalSection
	GlobalSection(ProjectConfigurationPlatforms) = postSolution
		{218E92E8-EEE6-4797-A2F2-21E9CDBC34D7}.Debug|Any CPU.ActiveCfg = Debug|Any CPU
		{218E92E8-EEE6-4797-A2F2-21E9CDBC34D7}.Debug|Any CPU.Build.0 = Debug|Any CPU
		{218E92E8-EEE6-4797-A2F2-21E9CDBC34D7}.Release|Any CPU.ActiveCfg = Release|Any CPU
		{218E92E8-EEE6-4797-A2F2-21E9CDBC34D7}.Release|Any CPU.Build.0 = Release|Any CPU
		{C303AA87-479A-4059-8EDA-74140FBF6E8D}.Debug|Any CPU.ActiveCfg = Debug|Any CPU
		{C303AA87-479A-4059-8EDA-74140FBF6E8D}.Debug|Any CPU.Build.0 = Debug|Any CPU
		{C303AA87-479A-4059-8EDA-74140FBF6E8D}.Release|Any CPU.ActiveCfg = Release|Any CPU
		{C303AA87-479A-4059-8EDA-74140FBF6E8D}.Release|Any CPU.Build.0 = Release|Any CPU
		{4CA7FBA1-005F-4EAE-9EEC-ECF18EDDE2DC}.Debug|Any CPU.ActiveCfg = Debug|Any CPU
		{4CA7FBA1-005F-4EAE-9EEC-ECF18EDDE2DC}.Debug|Any CPU.Build.0 = Debug|Any CPU
		{4CA7FBA1-005F-4EAE-9EEC-ECF18EDDE2DC}.Release|Any CPU.ActiveCfg = Release|Any CPU
		{4CA7FBA1-005F-4EAE-9EEC-ECF18EDDE2DC}.Release|Any CPU.Build.0 = Release|Any CPU
	EndGlobalSection
	GlobalSection(SolutionProperties) = preSolution
		HideSolutionNode = FALSE
	EndGlobalSection
	GlobalSection(ExtensibilityGlobals) = postSolution
		SolutionGuid = {A8A645B5-0026-412F-B62F-64590630246D}
	EndGlobalSection
EndGlobal
